
Microsoft Visual Studio Solution File, Format Version 12.00
# Visual Studio Version 17
VisualStudioVersion = 17.10.34916.146
MinimumVisualStudioVersion = 10.0.40219.1
Project("{FAE04EC0-301F-11D3-BF4B-00C04F79EFBC}") = "TestGitHub", "TestGitHub\TestGitHub.csproj", "{2D84101F-5064-457B-95C8-C1D486AFE177}"
EndProject
Global
	GlobalSection(SolutionConfigurationPlatforms) = preSolution
		Debug|Any CPU = Debug|Any CPU
		Release|Any CPU = Release|Any CPU
	EndGlobalSection
	GlobalSection(ProjectConfigurationPlatforms) = postSolution
		{2D84101F-5064-457B-95C8-C1D486AFE177}.Debug|Any CPU.ActiveCfg = Debug|Any CPU
		{2D84101F-5064-457B-95C8-C1D486AFE177}.Debug|Any CPU.Build.0 = Debug|Any CPU
		{2D84101F-5064-457B-95C8-C1D486AFE177}.Release|Any CPU.ActiveCfg = Release|Any CPU
		{2D84101F-5064-457B-95C8-C1D486AFE177}.Release|Any CPU.Build.0 = Release|Any CPU
	EndGlobalSection
	GlobalSection(SolutionProperties) = preSolution
		HideSolutionNode = FALSE
	EndGlobalSection
	GlobalSection(ExtensibilityGlobals) = postSolution
		SolutionGuid = {320B9B72-EB32-4A0B-B8ED-9B482B15B2B1}
	EndGlobalSection
EndGlobal
